PODS:
  - Alamofire (4.9.1)
  - Kingfisher (5.15.8):
    - Kingfisher/Core (= 5.15.8)
  - Kingfisher/Core (5.15.8)
  - KingfisherWebP (1.0.0):
    - Kingfisher (~> 5.8)
    - libwebp (>= 0.5.0)
  - libwebp (1.2.0):
    - libwebp/demux (= 1.2.0)
    - libwebp/mux (= 1.2.0)
    - libwebp/webp (= 1.2.0)
  - libwebp/demux (1.2.0):
    - libwebp/webp
  - libwebp/mux (1.2.0):
    - libwebp/demux
  - libwebp/webp (1.2.0)
  - YDB2WIntegration (1.1.8):
    - YDB2WModels
    - YDExtensions
  - YDB2WModels (1.1.25):
    - YDExtensions (~> 1.0.42)
    - YDUtilities (~> 1.1.0)
  - YDExtensions (1.0.55):
    - Kingfisher (~> 5.0)
    - KingfisherWebP (= 1.0.0)
  - YDUtilities (1.1.0):
    - Alamofire (~> 4.0)

DEPENDENCIES:
  - Alamofire (~> 4.0)
  - YDB2WIntegration (~> 1.1.0)
  - YDB2WModels (~> 1.1.0)

SPEC REPOS:
  "git@github.com:Hennrich-Your-Dev/YourDev-Pods.git":
    - YDB2WIntegration
    - YDB2WModels
    - YDExtensions
    - YDUtilities
  trunk:
    - Alamofire
    - Kingfisher
    - KingfisherWebP
    - libwebp

SPEC CHECKSUMS:
  Alamofire: 85e8a02c69d6020a0d734f6054870d7ecb75cf18
  Kingfisher: a3c03d702433fa6cfedabb2bddbe076fb8f2e902
  KingfisherWebP: b1ed1dbc5e52547c5bf5f583dd5c46346f97320f
  libwebp: e90b9c01d99205d03b6bb8f2c8c415e5a4ef66f0
  YDB2WIntegration: 54fe0e0a5374c5c0a3e38f7e6750988bddae976e
  YDB2WModels: 47875c9139746c7b92ced6ac401b2aa9459bba54
  YDExtensions: 39587ea6186689aebf6d27528b423bd04cb58dfd
  YDUtilities: 0aa8d5d85848cf42d624e13c964c4aa984a3f4df

PODFILE CHECKSUM: 499b3fc14009956c37bb9101253261bdfb02b0e4

COCOAPODS: 1.10.1
